
Microsoft Visual Studio Solution File, Format Version 12.00
# Visual Studio Version 17
VisualStudioVersion = 17.3.32929.385
MinimumVisualStudioVersion = 10.0.40219.1
Project("{FAE04EC0-301F-11D3-BF4B-00C04F79EFBC}") = "Flashcards-API", "Flashcards-API\Flashcards-API.csproj", "{ADE99F59-D757-4FF0-B9CB-B297C065A82D}"
EndProject
Global
	GlobalSection(SolutionConfigurationPlatforms) = preSolution
		Debug|Any CPU = Debug|Any CPU
		Release|Any CPU = Release|Any CPU
	EndGlobalSection
	GlobalSection(ProjectConfigurationPlatforms) = postSolution
		{ADE99F59-D757-4FF0-B9CB-B297C065A82D}.Debug|Any CPU.ActiveCfg = Debug|Any CPU
		{ADE99F59-D757-4FF0-B9CB-B297C065A82D}.Debug|Any CPU.Build.0 = Debug|Any CPU
		{ADE99F59-D757-4FF0-B9CB-B297C065A82D}.Release|Any CPU.ActiveCfg = Release|Any CPU
		{ADE99F59-D757-4FF0-B9CB-B297C065A82D}.Release|Any CPU.Build.0 = Release|Any CPU
	EndGlobalSection
	GlobalSection(SolutionProperties) = preSolution
		HideSolutionNode = FALSE
	EndGlobalSection
	GlobalSection(ExtensibilityGlobals) = postSolution
		SolutionGuid = {6AD3C588-6ABD-458C-8C6C-D261179D5409}
	EndGlobalSection
EndGlobal
